
Microsoft Visual Studio Solution File, Format Version 12.00
# Visual Studio Version 17
VisualStudioVersion = 17.7.34009.444
MinimumVisualStudioVersion = 10.0.40219.1
Project("{FAE04EC0-301F-11D3-BF4B-00C04F79EFBC}") = "API", "API\API.csproj", "{804836AC-6B48-4CDF-B9C1-1AB85061B53C}"
EndProject
Project("{FAE04EC0-301F-11D3-BF4B-00C04F79EFBC}") = "WEBUI", "WEBUI\WEBUI.csproj", "{BCCE0EA3-B52D-4EB1-8D0A-7AF8CEDA9D47}"
EndProject
Project("{FAE04EC0-301F-11D3-BF4B-00C04F79EFBC}") = "EntityLayer", "EntityLayer\EntityLayer.csproj", "{4A012AE2-4BB4-40F3-8592-80F959843D5E}"
EndProject
Project("{FAE04EC0-301F-11D3-BF4B-00C04F79EFBC}") = "DataAccessLayer", "DataAccessLayer\DataAccessLayer.csproj", "{21DE885D-4AF3-4F78-BF39-77131E02285A}"
EndProject
Project("{FAE04EC0-301F-11D3-BF4B-00C04F79EFBC}") = "DtoLayer", "DtoLayer\DtoLayer.csproj", "{35FEF4C7-7135-4E9B-8146-1B883DEA4DDD}"
EndProject
Project("{FAE04EC0-301F-11D3-BF4B-00C04F79EFBC}") = "BusinessLayer", "BusinessLayer\BusinessLayer.csproj", "{8F59D7AC-A2FE-4882-B95B-FB0D3F7715B4}"
EndProject
Global
	GlobalSection(SolutionConfigurationPlatforms) = preSolution
		Debug|Any CPU = Debug|Any CPU
		Release|Any CPU = Release|Any CPU
	EndGlobalSection
	GlobalSection(ProjectConfigurationPlatforms) = postSolution
		{804836AC-6B48-4CDF-B9C1-1AB85061B53C}.Debug|Any CPU.ActiveCfg = Debug|Any CPU
		{804836AC-6B48-4CDF-B9C1-1AB85061B53C}.Debug|Any CPU.Build.0 = Debug|Any CPU
		{804836AC-6B48-4CDF-B9C1-1AB85061B53C}.Release|Any CPU.ActiveCfg = Release|Any CPU
		{804836AC-6B48-4CDF-B9C1-1AB85061B53C}.Release|Any CPU.Build.0 = Release|Any CPU
		{BCCE0EA3-B52D-4EB1-8D0A-7AF8CEDA9D47}.Debug|Any CPU.ActiveCfg = Debug|Any CPU
		{BCCE0EA3-B52D-4EB1-8D0A-7AF8CEDA9D47}.Debug|Any CPU.Build.0 = Debug|Any CPU
		{BCCE0EA3-B52D-4EB1-8D0A-7AF8CEDA9D47}.Release|Any CPU.ActiveCfg = Release|Any CPU
		{BCCE0EA3-B52D-4EB1-8D0A-7AF8CEDA9D47}.Release|Any CPU.Build.0 = Release|Any CPU
		{4A012AE2-4BB4-40F3-8592-80F959843D5E}.Debug|Any CPU.ActiveCfg = Debug|Any CPU
		{4A012AE2-4BB4-40F3-8592-80F959843D5E}.Debug|Any CPU.Build.0 = Debug|Any CPU
		{4A012AE2-4BB4-40F3-8592-80F959843D5E}.Release|Any CPU.ActiveCfg = Release|Any CPU
		{4A012AE2-4BB4-40F3-8592-80F959843D5E}.Release|Any CPU.Build.0 = Release|Any CPU
		{21DE885D-4AF3-4F78-BF39-77131E02285A}.Debug|Any CPU.ActiveCfg = Debug|Any CPU
		{21DE885D-4AF3-4F78-BF39-77131E02285A}.Debug|Any CPU.Build.0 = Debug|Any CPU
		{21DE885D-4AF3-4F78-BF39-77131E02285A}.Release|Any CPU.ActiveCfg = Release|Any CPU
		{21DE885D-4AF3-4F78-BF39-77131E02285A}.Release|Any CPU.Build.0 = Release|Any CPU
		{35FEF4C7-7135-4E9B-8146-1B883DEA4DDD}.Debug|Any CPU.ActiveCfg = Debug|Any CPU
		{35FEF4C7-7135-4E9B-8146-1B883DEA4DDD}.Debug|Any CPU.Build.0 = Debug|Any CPU
		{35FEF4C7-7135-4E9B-8146-1B883DEA4DDD}.Release|Any CPU.ActiveCfg = Release|Any CPU
		{35FEF4C7-7135-4E9B-8146-1B883DEA4DDD}.Release|Any CPU.Build.0 = Release|Any CPU
		{8F59D7AC-A2FE-4882-B95B-FB0D3F7715B4}.Debug|Any CPU.ActiveCfg = Debug|Any CPU
		{8F59D7AC-A2FE-4882-B95B-FB0D3F7715B4}.Debug|Any CPU.Build.0 = Debug|Any CPU
		{8F59D7AC-A2FE-4882-B95B-FB0D3F7715B4}.Release|Any CPU.ActiveCfg = Release|Any CPU
		{8F59D7AC-A2FE-4882-B95B-FB0D3F7715B4}.Release|Any CPU.Build.0 = Release|Any CPU
	EndGlobalSection
	GlobalSection(SolutionProperties) = preSolution
		HideSolutionNode = FALSE
	EndGlobalSection
	GlobalSection(ExtensibilityGlobals) = postSolution
		SolutionGuid = {A02F182D-89BD-4C86-8272-EB51DD1836E2}
	EndGlobalSection
EndGlobal
